
Microsoft Visual Studio Solution File, Format Version 12.00
# Visual Studio Version 16
VisualStudioVersion = 16.0.30114.105
MinimumVisualStudioVersion = 10.0.40219.1
Project("{FAE04EC0-301F-11D3-BF4B-00C04F79EFBC}") = "PSXPackager", "PSXPackager\PSXPackager.csproj", "{9CDE6DEB-3348-40CF-9B4C-0E06391BD950}"
EndProject
Project("{FAE04EC0-301F-11D3-BF4B-00C04F79EFBC}") = "Popstation", "Popstation\Popstation.csproj", "{62B5B89E-78E0-4D5C-9DFA-371FDD873DCD}"
EndProject
Project("{FAE04EC0-301F-11D3-BF4B-00C04F79EFBC}") = "Popstation.Database", "Popstation.Database\Popstation.Database.csproj", "{0927BBCF-CDAE-4F77-9AB6-C5B813B9976E}"
EndProject
Project("{FAE04EC0-301F-11D3-BF4B-00C04F79EFBC}") = "DiscUtils.Core", "DiscUtils.Core\DiscUtils.Core.csproj", "{04364A67-F1AD-40E9-8150-5E052B2FA078}"
EndProject
Project("{FAE04EC0-301F-11D3-BF4B-00C04F79EFBC}") = "DiscUtils.Iso9660", "DiscUtils.Iso9660\DiscUtils.Iso9660.csproj", "{F702CD74-E5AA-4E55-A61F-683F32BFA0BC}"
EndProject
Project("{FAE04EC0-301F-11D3-BF4B-00C04F79EFBC}") = "DiscUtils.Streams", "DiscUtils.Streams\DiscUtils.Streams.csproj", "{54008E9A-0A4B-4F16-B70E-34D6F8879B99}"
EndProject
Project("{FAE04EC0-301F-11D3-BF4B-00C04F79EFBC}") = "PSXPackager.Common", "PSXPackager.Common\PSXPackager.Common.csproj", "{A27A9528-C3C7-4BD2-9BC1-0AE40ADCC098}"
EndProject
Project("{FAE04EC0-301F-11D3-BF4B-00C04F79EFBC}") = "Tests", "Tests\Tests.csproj", "{6AB01B4A-04BD-4E1A-A6F8-7E61B7AB424B}"
EndProject
Global
	GlobalSection(SolutionConfigurationPlatforms) = preSolution
		Debug|Any CPU = Debug|Any CPU
		Release|Any CPU = Release|Any CPU
	EndGlobalSection
	GlobalSection(SolutionProperties) = preSolution
		HideSolutionNode = FALSE
	EndGlobalSection
	GlobalSection(ProjectConfigurationPlatforms) = postSolution
		{9CDE6DEB-3348-40CF-9B4C-0E06391BD950}.Debug|Any CPU.ActiveCfg = Debug|Any CPU
		{9CDE6DEB-3348-40CF-9B4C-0E06391BD950}.Debug|Any CPU.Build.0 = Debug|Any CPU
		{9CDE6DEB-3348-40CF-9B4C-0E06391BD950}.Release|Any CPU.ActiveCfg = Release|Any CPU
		{9CDE6DEB-3348-40CF-9B4C-0E06391BD950}.Release|Any CPU.Build.0 = Release|Any CPU
		{62B5B89E-78E0-4D5C-9DFA-371FDD873DCD}.Debug|Any CPU.ActiveCfg = Debug|Any CPU
		{62B5B89E-78E0-4D5C-9DFA-371FDD873DCD}.Debug|Any CPU.Build.0 = Debug|Any CPU
		{62B5B89E-78E0-4D5C-9DFA-371FDD873DCD}.Release|Any CPU.ActiveCfg = Release|Any CPU
		{62B5B89E-78E0-4D5C-9DFA-371FDD873DCD}.Release|Any CPU.Build.0 = Release|Any CPU
		{0927BBCF-CDAE-4F77-9AB6-C5B813B9976E}.Debug|Any CPU.ActiveCfg = Debug|Any CPU
		{0927BBCF-CDAE-4F77-9AB6-C5B813B9976E}.Debug|Any CPU.Build.0 = Debug|Any CPU
		{0927BBCF-CDAE-4F77-9AB6-C5B813B9976E}.Release|Any CPU.ActiveCfg = Release|Any CPU
		{0927BBCF-CDAE-4F77-9AB6-C5B813B9976E}.Release|Any CPU.Build.0 = Release|Any CPU
		{04364A67-F1AD-40E9-8150-5E052B2FA078}.Debug|Any CPU.ActiveCfg = Debug|Any CPU
		{04364A67-F1AD-40E9-8150-5E052B2FA078}.Debug|Any CPU.Build.0 = Debug|Any CPU
		{04364A67-F1AD-40E9-8150-5E052B2FA078}.Release|Any CPU.ActiveCfg = Release|Any CPU
		{04364A67-F1AD-40E9-8150-5E052B2FA078}.Release|Any CPU.Build.0 = Release|Any CPU
		{F702CD74-E5AA-4E55-A61F-683F32BFA0BC}.Debug|Any CPU.ActiveCfg = Debug|Any CPU
		{F702CD74-E5AA-4E55-A61F-683F32BFA0BC}.Debug|Any CPU.Build.0 = Debug|Any CPU
		{F702CD74-E5AA-4E55-A61F-683F32BFA0BC}.Release|Any CPU.ActiveCfg = Release|Any CPU
		{F702CD74-E5AA-4E55-A61F-683F32BFA0BC}.Release|Any CPU.Build.0 = Release|Any CPU
		{54008E9A-0A4B-4F16-B70E-34D6F8879B99}.Debug|Any CPU.ActiveCfg = Debug|Any CPU
		{54008E9A-0A4B-4F16-B70E-34D6F8879B99}.Debug|Any CPU.Build.0 = Debug|Any CPU
		{54008E9A-0A4B-4F16-B70E-34D6F8879B99}.Release|Any CPU.ActiveCfg = Release|Any CPU
		{54008E9A-0A4B-4F16-B70E-34D6F8879B99}.Release|Any CPU.Build.0 = Release|Any CPU
		{A27A9528-C3C7-4BD2-9BC1-0AE40ADCC098}.Debug|Any CPU.ActiveCfg = Debug|Any CPU
		{A27A9528-C3C7-4BD2-9BC1-0AE40ADCC098}.Debug|Any CPU.Build.0 = Debug|Any CPU
		{A27A9528-C3C7-4BD2-9BC1-0AE40ADCC098}.Release|Any CPU.ActiveCfg = Release|Any CPU
		{A27A9528-C3C7-4BD2-9BC1-0AE40ADCC098}.Release|Any CPU.Build.0 = Release|Any CPU
		{6AB01B4A-04BD-4E1A-A6F8-7E61B7AB424B}.Debug|Any CPU.ActiveCfg = Debug|Any CPU
		{6AB01B4A-04BD-4E1A-A6F8-7E61B7AB424B}.Debug|Any CPU.Build.0 = Debug|Any CPU
		{6AB01B4A-04BD-4E1A-A6F8-7E61B7AB424B}.Release|Any CPU.ActiveCfg = Release|Any CPU
		{6AB01B4A-04BD-4E1A-A6F8-7E61B7AB424B}.Release|Any CPU.Build.0 = Release|Any CPU
	EndGlobalSection
EndGlobal
